
Microsoft Visual Studio Solution File, Format Version 12.00
# Visual Studio 15
VisualStudioVersion = 15.0.27703.2042
MinimumVisualStudioVersion = 10.0.40219.1
Project("{FAE04EC0-301F-11D3-BF4B-00C04F79EFBC}") = "SalesMKDE.Android", "SalesMKDE\SalesMKDE.Android\SalesMKDE.Android.csproj", "{64B1C28E-7DDD-4053-99E7-A5EDFD0116CD}"
EndProject
Project("{FAE04EC0-301F-11D3-BF4B-00C04F79EFBC}") = "SalesMKDE.iOS", "SalesMKDE\SalesMKDE.iOS\SalesMKDE.iOS.csproj", "{5E2B6732-2CA0-4141-820A-5ED861E06654}"
EndProject
Project("{FAE04EC0-301F-11D3-BF4B-00C04F79EFBC}") = "SalesMKDE", "SalesMKDE\SalesMKDE\SalesMKDE.csproj", "{9DB49C73-6CB9-42F0-9148-E4CA23AF8FBA}"
EndProject
Project("{FAE04EC0-301F-11D3-BF4B-00C04F79EFBC}") = "SalesMKDE.Backend", "SalesMKDE.Backend\SalesMKDE.Backend.csproj", "{7F7F22A8-481B-4D94-89E1-977BA49223EF}"
EndProject
Project("{FAE04EC0-301F-11D3-BF4B-00C04F79EFBC}") = "SalesMKDE.API", "SalesMKDE.API\SalesMKDE.API.csproj", "{AABDBDC3-64F9-49E7-8CC5-EED41E02F146}"
EndProject
Project("{FAE04EC0-301F-11D3-BF4B-00C04F79EFBC}") = "SalesMKDE.Common", "SalesMKDE.Common\SalesMKDE.Common.csproj", "{514343A1-06D4-42ED-ACAA-BA9F28DB91C1}"
EndProject
Project("{FAE04EC0-301F-11D3-BF4B-00C04F79EFBC}") = "SalesMKDE.Domain", "SalesMKDE.Domain\SalesMKDE.Domain.csproj", "{EE614B3D-F301-412A-91FB-A38D365E4E11}"
EndProject
Global
	GlobalSection(SolutionConfigurationPlatforms) = preSolution
		Ad-Hoc|Any CPU = Ad-Hoc|Any CPU
		Ad-Hoc|iPhone = Ad-Hoc|iPhone
		Ad-Hoc|iPhoneSimulator = Ad-Hoc|iPhoneSimulator
		AppStore|Any CPU = AppStore|Any CPU
		AppStore|iPhone = AppStore|iPhone
		AppStore|iPhoneSimulator = AppStore|iPhoneSimulator
		Debug|Any CPU = Debug|Any CPU
		Debug|iPhone = Debug|iPhone
		Debug|iPhoneSimulator = Debug|iPhoneSimulator
		Release|Any CPU = Release|Any CPU
		Release|iPhone = Release|iPhone
		Release|iPhoneSimulator = Release|iPhoneSimulator
	EndGlobalSection
	GlobalSection(ProjectConfigurationPlatforms) = postSolution
		{64B1C28E-7DDD-4053-99E7-A5EDFD0116CD}.Ad-Hoc|Any CPU.ActiveCfg = Release|Any CPU
		{64B1C28E-7DDD-4053-99E7-A5EDFD0116CD}.Ad-Hoc|Any CPU.Build.0 = Release|Any CPU
		{64B1C28E-7DDD-4053-99E7-A5EDFD0116CD}.Ad-Hoc|Any CPU.Deploy.0 = Release|Any CPU
		{64B1C28E-7DDD-4053-99E7-A5EDFD0116CD}.Ad-Hoc|iPhone.ActiveCfg = Release|Any CPU
		{64B1C28E-7DDD-4053-99E7-A5EDFD0116CD}.Ad-Hoc|iPhone.Build.0 = Release|Any CPU
		{64B1C28E-7DDD-4053-99E7-A5EDFD0116CD}.Ad-Hoc|iPhone.Deploy.0 = Release|Any CPU
		{64B1C28E-7DDD-4053-99E7-A5EDFD0116CD}.Ad-Hoc|iPhoneSimulator.ActiveCfg = Release|Any CPU
		{64B1C28E-7DDD-4053-99E7-A5EDFD0116CD}.Ad-Hoc|iPhoneSimulator.Build.0 = Release|Any CPU
		{64B1C28E-7DDD-4053-99E7-A5EDFD0116CD}.Ad-Hoc|iPhoneSimulator.Deploy.0 = Release|Any CPU
		{64B1C28E-7DDD-4053-99E7-A5EDFD0116CD}.AppStore|Any CPU.ActiveCfg = Release|Any CPU
		{64B1C28E-7DDD-4053-99E7-A5EDFD0116CD}.AppStore|Any CPU.Build.0 = Release|Any CPU
		{64B1C28E-7DDD-4053-99E7-A5EDFD0116CD}.AppStore|Any CPU.Deploy.0 = Release|Any CPU
		{64B1C28E-7DDD-4053-99E7-A5EDFD0116CD}.AppStore|iPhone.ActiveCfg = Release|Any CPU
		{64B1C28E-7DDD-4053-99E7-A5EDFD0116CD}.AppStore|iPhone.Build.0 = Release|Any CPU
		{64B1C28E-7DDD-4053-99E7-A5EDFD0116CD}.AppStore|iPhone.Deploy.0 = Release|Any CPU
		{64B1C28E-7DDD-4053-99E7-A5EDFD0116CD}.AppStore|iPhoneSimulator.ActiveCfg = Release|Any CPU
		{64B1C28E-7DDD-4053-99E7-A5EDFD0116CD}.AppStore|iPhoneSimulator.Build.0 = Release|Any CPU
		{64B1C28E-7DDD-4053-99E7-A5EDFD0116CD}.AppStore|iPhoneSimulator.Deploy.0 = Release|Any CPU
		{64B1C28E-7DDD-4053-99E7-A5EDFD0116CD}.Debug|Any CPU.ActiveCfg = Debug|Any CPU
		{64B1C28E-7DDD-4053-99E7-A5EDFD0116CD}.Debug|Any CPU.Build.0 = Debug|Any CPU
		{64B1C28E-7DDD-4053-99E7-A5EDFD0116CD}.Debug|Any CPU.Deploy.0 = Debug|Any CPU
		{64B1C28E-7DDD-4053-99E7-A5EDFD0116CD}.Debug|iPhone.ActiveCfg = Debug|Any CPU
		{64B1C28E-7DDD-4053-99E7-A5EDFD0116CD}.Debug|iPhone.Build.0 = Debug|Any CPU
		{64B1C28E-7DDD-4053-99E7-A5EDFD0116CD}.Debug|iPhone.Deploy.0 = Debug|Any CPU
		{64B1C28E-7DDD-4053-99E7-A5EDFD0116CD}.Debug|iPhoneSimulator.ActiveCfg = Debug|Any CPU
		{64B1C28E-7DDD-4053-99E7-A5EDFD0116CD}.Debug|iPhoneSimulator.Build.0 = Debug|Any CPU
		{64B1C28E-7DDD-4053-99E7-A5EDFD0116CD}.Debug|iPhoneSimulator.Deploy.0 = Debug|Any CPU
		{64B1C28E-7DDD-4053-99E7-A5EDFD0116CD}.Release|Any CPU.ActiveCfg = Release|Any CPU
		{64B1C28E-7DDD-4053-99E7-A5EDFD0116CD}.Release|Any CPU.Build.0 = Release|Any CPU
		{64B1C28E-7DDD-4053-99E7-A5EDFD0116CD}.Release|Any CPU.Deploy.0 = Release|Any CPU
		{64B1C28E-7DDD-4053-99E7-A5EDFD0116CD}.Release|iPhone.ActiveCfg = Release|Any CPU
		{64B1C28E-7DDD-4053-99E7-A5EDFD0116CD}.Release|iPhone.Build.0 = Release|Any CPU
		{64B1C28E-7DDD-4053-99E7-A5EDFD0116CD}.Release|iPhone.Deploy.0 = Release|Any CPU
		{64B1C28E-7DDD-4053-99E7-A5EDFD0116CD}.Release|iPhoneSimulator.ActiveCfg = Release|Any CPU
		{64B1C28E-7DDD-4053-99E7-A5EDFD0116CD}.Release|iPhoneSimulator.Build.0 = Release|Any CPU
		{64B1C28E-7DDD-4053-99E7-A5EDFD0116CD}.Release|iPhoneSimulator.Deploy.0 = Release|Any CPU
		{5E2B6732-2CA0-4141-820A-5ED861E06654}.Ad-Hoc|Any CPU.ActiveCfg = Ad-Hoc|iPhone
		{5E2B6732-2CA0-4141-820A-5ED861E06654}.Ad-Hoc|Any CPU.Build.0 = Ad-Hoc|iPhone
		{5E2B6732-2CA0-4141-820A-5ED861E06654}.Ad-Hoc|Any CPU.Deploy.0 = Ad-Hoc|iPhone
		{5E2B6732-2CA0-4141-820A-5ED861E06654}.Ad-Hoc|iPhone.ActiveCfg = Ad-Hoc|iPhone
		{5E2B6732-2CA0-4141-820A-5ED861E06654}.Ad-Hoc|iPhone.Build.0 = Ad-Hoc|iPhone
		{5E2B6732-2CA0-4141-820A-5ED861E06654}.Ad-Hoc|iPhone.Deploy.0 = Ad-Hoc|iPhone
		{5E2B6732-2CA0-4141-820A-5ED861E06654}.Ad-Hoc|iPhoneSimulator.ActiveCfg = Ad-Hoc|iPhoneSimulator
		{5E2B6732-2CA0-4141-820A-5ED861E06654}.Ad-Hoc|iPhoneSimulator.Build.0 = Ad-Hoc|iPhoneSimulator
		{5E2B6732-2CA0-4141-820A-5ED861E06654}.Ad-Hoc|iPhoneSimulator.Deploy.0 = Ad-Hoc|iPhoneSimulator
		{5E2B6732-2CA0-4141-820A-5ED861E06654}.AppStore|Any CPU.ActiveCfg = AppStore|iPhone
		{5E2B6732-2CA0-4141-820A-5ED861E06654}.AppStore|Any CPU.Build.0 = AppStore|iPhone
		{5E2B6732-2CA0-4141-820A-5ED861E06654}.AppStore|Any CPU.Deploy.0 = AppStore|iPhone
		{5E2B6732-2CA0-4141-820A-5ED861E06654}.AppStore|iPhone.ActiveCfg = AppStore|iPhone
		{5E2B6732-2CA0-4141-820A-5ED861E06654}.AppStore|iPhone.Build.0 = AppStore|iPhone
		{5E2B6732-2CA0-4141-820A-5ED861E06654}.AppStore|iPhone.Deploy.0 = AppStore|iPhone
		{5E2B6732-2CA0-4141-820A-5ED861E06654}.AppStore|iPhoneSimulator.ActiveCfg = AppStore|iPhoneSimulator
		{5E2B6732-2CA0-4141-820A-5ED861E06654}.AppStore|iPhoneSimulator.Build.0 = AppStore|iPhoneSimulator
		{5E2B6732-2CA0-4141-820A-5ED861E06654}.AppStore|iPhoneSimulator.Deploy.0 = AppStore|iPhoneSimulator
		{5E2B6732-2CA0-4141-820A-5ED861E06654}.Debug|Any CPU.ActiveCfg = Debug|iPhone
		{5E2B6732-2CA0-4141-820A-5ED861E06654}.Debug|Any CPU.Build.0 = Debug|iPhone
		{5E2B6732-2CA0-4141-820A-5ED861E06654}.Debug|Any CPU.Deploy.0 = Debug|iPhone
		{5E2B6732-2CA0-4141-820A-5ED861E06654}.Debug|iPhone.ActiveCfg = Debug|iPhone
		{5E2B6732-2CA0-4141-820A-5ED861E06654}.Debug|iPhone.Build.0 = Debug|iPhone
		{5E2B6732-2CA0-4141-820A-5ED861E06654}.Debug|iPhone.Deploy.0 = Debug|iPhone
		{5E2B6732-2CA0-4141-820A-5ED861E06654}.Debug|iPhoneSimulator.ActiveCfg = Debug|iPhoneSimulator
		{5E2B6732-2CA0-4141-820A-5ED861E06654}.Debug|iPhoneSimulator.Build.0 = Debug|iPhoneSimulator
		{5E2B6732-2CA0-4141-820A-5ED861E06654}.Debug|iPhoneSimulator.Deploy.0 = Debug|iPhoneSimulator
		{5E2B6732-2CA0-4141-820A-5ED861E06654}.Release|Any CPU.ActiveCfg = Release|iPhone
		{5E2B6732-2CA0-4141-820A-5ED861E06654}.Release|Any CPU.Build.0 = Release|iPhone
		{5E2B6732-2CA0-4141-820A-5ED861E06654}.Release|Any CPU.Deploy.0 = Release|iPhone
		{5E2B6732-2CA0-4141-820A-5ED861E06654}.Release|iPhone.ActiveCfg = Release|iPhone
		{5E2B6732-2CA0-4141-820A-5ED861E06654}.Release|iPhone.Build.0 = Release|iPhone
		{5E2B6732-2CA0-4141-820A-5ED861E06654}.Release|iPhone.Deploy.0 = Release|iPhone
		{5E2B6732-2CA0-4141-820A-5ED861E06654}.Release|iPhoneSimulator.ActiveCfg = Release|iPhoneSimulator
		{5E2B6732-2CA0-4141-820A-5ED861E06654}.Release|iPhoneSimulator.Build.0 = Release|iPhoneSimulator
		{5E2B6732-2CA0-4141-820A-5ED861E06654}.Release|iPhoneSimulator.Deploy.0 = Release|iPhoneSimulator
		{9DB49C73-6CB9-42F0-9148-E4CA23AF8FBA}.Ad-Hoc|Any CPU.ActiveCfg = Debug|Any CPU
		{9DB49C73-6CB9-42F0-9148-E4CA23AF8FBA}.Ad-Hoc|Any CPU.Build.0 = Debug|Any CPU
		{9DB49C73-6CB9-42F0-9148-E4CA23AF8FBA}.Ad-Hoc|Any CPU.Deploy.0 = Debug|Any CPU
		{9DB49C73-6CB9-42F0-9148-E4CA23AF8FBA}.Ad-Hoc|iPhone.ActiveCfg = Debug|Any CPU
		{9DB49C73-6CB9-42F0-9148-E4CA23AF8FBA}.Ad-Hoc|iPhone.Build.0 = Debug|Any CPU
		{9DB49C73-6CB9-42F0-9148-E4CA23AF8FBA}.Ad-Hoc|iPhone.Deploy.0 = Debug|Any CPU
		{9DB49C73-6CB9-42F0-9148-E4CA23AF8FBA}.Ad-Hoc|iPhoneSimulator.ActiveCfg = Debug|Any CPU
		{9DB49C73-6CB9-42F0-9148-E4CA23AF8FBA}.Ad-Hoc|iPhoneSimulator.Build.0 = Debug|Any CPU
		{9DB49C73-6CB9-42F0-9148-E4CA23AF8FBA}.Ad-Hoc|iPhoneSimulator.Deploy.0 = Debug|Any CPU
		{9DB49C73-6CB9-42F0-9148-E4CA23AF8FBA}.AppStore|Any CPU.ActiveCfg = Debug|Any CPU
		{9DB49C73-6CB9-42F0-9148-E4CA23AF8FBA}.AppStore|Any CPU.Build.0 = Debug|Any CPU
		{9DB49C73-6CB9-42F0-9148-E4CA23AF8FBA}.AppStore|Any CPU.Deploy.0 = Debug|Any CPU
		{9DB49C73-6CB9-42F0-9148-E4CA23AF8FBA}.AppStore|iPhone.ActiveCfg = Debug|Any CPU
		{9DB49C73-6CB9-42F0-9148-E4CA23AF8FBA}.AppStore|iPhone.Build.0 = Debug|Any CPU
		{9DB49C73-6CB9-42F0-9148-E4CA23AF8FBA}.AppStore|iPhone.Deploy.0 = Debug|Any CPU
		{9DB49C73-6CB9-42F0-9148-E4CA23AF8FBA}.AppStore|iPhoneSimulator.ActiveCfg = Debug|Any CPU
		{9DB49C73-6CB9-42F0-9148-E4CA23AF8FBA}.AppStore|iPhoneSimulator.Build.0 = Debug|Any CPU
		{9DB49C73-6CB9-42F0-9148-E4CA23AF8FBA}.AppStore|iPhoneSimulator.Deploy.0 = Debug|Any CPU
		{9DB49C73-6CB9-42F0-9148-E4CA23AF8FBA}.Debug|Any CPU.ActiveCfg = Debug|Any CPU
		{9DB49C73-6CB9-42F0-9148-E4CA23AF8FBA}.Debug|Any CPU.Build.0 = Debug|Any CPU
		{9DB49C73-6CB9-42F0-9148-E4CA23AF8FBA}.Debug|Any CPU.Deploy.0 = Debug|Any CPU
		{9DB49C73-6CB9-42F0-9148-E4CA23AF8FBA}.Debug|iPhone.ActiveCfg = Debug|Any CPU
		{9DB49C73-6CB9-42F0-9148-E4CA23AF8FBA}.Debug|iPhone.Build.0 = Debug|Any CPU
		{9DB49C73-6CB9-42F0-9148-E4CA23AF8FBA}.Debug|iPhone.Deploy.0 = Debug|Any CPU
		{9DB49C73-6CB9-42F0-9148-E4CA23AF8FBA}.Debug|iPhoneSimulator.ActiveCfg = Debug|Any CPU
		{9DB49C73-6CB9-42F0-9148-E4CA23AF8FBA}.Debug|iPhoneSimulator.Build.0 = Debug|Any CPU
		{9DB49C73-6CB9-42F0-9148-E4CA23AF8FBA}.Debug|iPhoneSimulator.Deploy.0 = Debug|Any CPU
		{9DB49C73-6CB9-42F0-9148-E4CA23AF8FBA}.Release|Any CPU.ActiveCfg = Release|Any CPU
		{9DB49C73-6CB9-42F0-9148-E4CA23AF8FBA}.Release|Any CPU.Build.0 = Release|Any CPU
		{9DB49C73-6CB9-42F0-9148-E4CA23AF8FBA}.Release|Any CPU.Deploy.0 = Release|Any CPU
		{9DB49C73-6CB9-42F0-9148-E4CA23AF8FBA}.Release|iPhone.ActiveCfg = Release|Any CPU
		{9DB49C73-6CB9-42F0-9148-E4CA23AF8FBA}.Release|iPhone.Build.0 = Release|Any CPU
		{9DB49C73-6CB9-42F0-9148-E4CA23AF8FBA}.Release|iPhone.Deploy.0 = Release|Any CPU
		{9DB49C73-6CB9-42F0-9148-E4CA23AF8FBA}.Release|iPhoneSimulator.ActiveCfg = Release|Any CPU
		{9DB49C73-6CB9-42F0-9148-E4CA23AF8FBA}.Release|iPhoneSimulator.Build.0 = Release|Any CPU
		{9DB49C73-6CB9-42F0-9148-E4CA23AF8FBA}.Release|iPhoneSimulator.Deploy.0 = Release|Any CPU
		{7F7F22A8-481B-4D94-89E1-977BA49223EF}.Ad-Hoc|Any CPU.ActiveCfg = Release|Any CPU
		{7F7F22A8-481B-4D94-89E1-977BA49223EF}.Ad-Hoc|Any CPU.Build.0 = Release|Any CPU
		{7F7F22A8-481B-4D94-89E1-977BA49223EF}.Ad-Hoc|iPhone.ActiveCfg = Release|Any CPU
		{7F7F22A8-481B-4D94-89E1-977BA49223EF}.Ad-Hoc|iPhone.Build.0 = Release|Any CPU
		{7F7F22A8-481B-4D94-89E1-977BA49223EF}.Ad-Hoc|iPhoneSimulator.ActiveCfg = Release|Any CPU
		{7F7F22A8-481B-4D94-89E1-977BA49223EF}.Ad-Hoc|iPhoneSimulator.Build.0 = Release|Any CPU
		{7F7F22A8-481B-4D94-89E1-977BA49223EF}.AppStore|Any CPU.ActiveCfg = Release|Any CPU
		{7F7F22A8-481B-4D94-89E1-977BA49223EF}.AppStore|Any CPU.Build.0 = Release|Any CPU
		{7F7F22A8-481B-4D94-89E1-977BA49223EF}.AppStore|iPhone.ActiveCfg = Release|Any CPU
		{7F7F22A8-481B-4D94-89E1-977BA49223EF}.AppStore|iPhone.Build.0 = Release|Any CPU
		{7F7F22A8-481B-4D94-89E1-977BA49223EF}.AppStore|iPhoneSimulator.ActiveCfg = Release|Any CPU
		{7F7F22A8-481B-4D94-89E1-977BA49223EF}.AppStore|iPhoneSimulator.Build.0 = Release|Any CPU
		{7F7F22A8-481B-4D94-89E1-977BA49223EF}.Debug|Any CPU.ActiveCfg = Debug|Any CPU
		{7F7F22A8-481B-4D94-89E1-977BA49223EF}.Debug|Any CPU.Build.0 = Debug|Any CPU
		{7F7F22A8-481B-4D94-89E1-977BA49223EF}.Debug|iPhone.ActiveCfg = Debug|Any CPU
		{7F7F22A8-481B-4D94-89E1-977BA49223EF}.Debug|iPhone.Build.0 = Debug|Any CPU
		{7F7F22A8-481B-4D94-89E1-977BA49223EF}.Debug|iPhoneSimulator.ActiveCfg = Debug|Any CPU
		{7F7F22A8-481B-4D94-89E1-977BA49223EF}.Debug|iPhoneSimulator.Build.0 = Debug|Any CPU
		{7F7F22A8-481B-4D94-89E1-977BA49223EF}.Release|Any CPU.ActiveCfg = Release|Any CPU
		{7F7F22A8-481B-4D94-89E1-977BA49223EF}.Release|Any CPU.Build.0 = Release|Any CPU
		{7F7F22A8-481B-4D94-89E1-977BA49223EF}.Release|iPhone.ActiveCfg = Release|Any CPU
		{7F7F22A8-481B-4D94-89E1-977BA49223EF}.Release|iPhone.Build.0 = Release|Any CPU
		{7F7F22A8-481B-4D94-89E1-977BA49223EF}.Release|iPhoneSimulator.ActiveCfg = Release|Any CPU
		{7F7F22A8-481B-4D94-89E1-977BA49223EF}.Release|iPhoneSimulator.Build.0 = Release|Any CPU
		{AABDBDC3-64F9-49E7-8CC5-EED41E02F146}.Ad-Hoc|Any CPU.ActiveCfg = Release|Any CPU
		{AABDBDC3-64F9-49E7-8CC5-EED41E02F146}.Ad-Hoc|Any CPU.Build.0 = Release|Any CPU
		{AABDBDC3-64F9-49E7-8CC5-EED41E02F146}.Ad-Hoc|iPhone.ActiveCfg = Release|Any CPU
		{AABDBDC3-64F9-49E7-8CC5-EED41E02F146}.Ad-Hoc|iPhone.Build.0 = Release|Any CPU
		{AABDBDC3-64F9-49E7-8CC5-EED41E02F146}.Ad-Hoc|iPhoneSimulator.ActiveCfg = Release|Any CPU
		{AABDBDC3-64F9-49E7-8CC5-EED41E02F146}.Ad-Hoc|iPhoneSimulator.Build.0 = Release|Any CPU
		{AABDBDC3-64F9-49E7-8CC5-EED41E02F146}.AppStore|Any CPU.ActiveCfg = Release|Any CPU
		{AABDBDC3-64F9-49E7-8CC5-EED41E02F146}.AppStore|Any CPU.Build.0 = Release|Any CPU
		{AABDBDC3-64F9-49E7-8CC5-EED41E02F146}.AppStore|iPhone.ActiveCfg = Release|Any CPU
		{AABDBDC3-64F9-49E7-8CC5-EED41E02F146}.AppStore|iPhone.Build.0 = Release|Any CPU
		{AABDBDC3-64F9-49E7-8CC5-EED41E02F146}.AppStore|iPhoneSimulator.ActiveCfg = Release|Any CPU
		{AABDBDC3-64F9-49E7-8CC5-EED41E02F146}.AppStore|iPhoneSimulator.Build.0 = Release|Any CPU
		{AABDBDC3-64F9-49E7-8CC5-EED41E02F146}.Debug|Any CPU.ActiveCfg = Debug|Any CPU
		{AABDBDC3-64F9-49E7-8CC5-EED41E02F146}.Debug|Any CPU.Build.0 = Debug|Any CPU
		{AABDBDC3-64F9-49E7-8CC5-EED41E02F146}.Debug|iPhone.ActiveCfg = Debug|Any CPU
		{AABDBDC3-64F9-49E7-8CC5-EED41E02F146}.Debug|iPhone.Build.0 = Debug|Any CPU
		{AABDBDC3-64F9-49E7-8CC5-EED41E02F146}.Debug|iPhoneSimulator.ActiveCfg = Debug|Any CPU
		{AABDBDC3-64F9-49E7-8CC5-EED41E02F146}.Debug|iPhoneSimulator.Build.0 = Debug|Any CPU
		{AABDBDC3-64F9-49E7-8CC5-EED41E02F146}.Release|Any CPU.ActiveCfg = Release|Any CPU
		{AABDBDC3-64F9-49E7-8CC5-EED41E02F146}.Release|Any CPU.Build.0 = Release|Any CPU
		{AABDBDC3-64F9-49E7-8CC5-EED41E02F146}.Release|iPhone.ActiveCfg = Release|Any CPU
		{AABDBDC3-64F9-49E7-8CC5-EED41E02F146}.Release|iPhone.Build.0 = Release|Any CPU
		{AABDBDC3-64F9-49E7-8CC5-EED41E02F146}.Release|iPhoneSimulator.ActiveCfg = Release|Any CPU
		{AABDBDC3-64F9-49E7-8CC5-EED41E02F146}.Release|iPhoneSimulator.Build.0 = Release|Any CPU
		{514343A1-06D4-42ED-ACAA-BA9F28DB91C1}.Ad-Hoc|Any CPU.ActiveCfg = Release|Any CPU
		{514343A1-06D4-42ED-ACAA-BA9F28DB91C1}.Ad-Hoc|Any CPU.Build.0 = Release|Any CPU
		{514343A1-06D4-42ED-ACAA-BA9F28DB91C1}.Ad-Hoc|iPhone.ActiveCfg = Release|Any CPU
		{514343A1-06D4-42ED-ACAA-BA9F28DB91C1}.Ad-Hoc|iPhone.Build.0 = Release|Any CPU
		{514343A1-06D4-42ED-ACAA-BA9F28DB91C1}.Ad-Hoc|iPhoneSimulator.ActiveCfg = Release|Any CPU
		{514343A1-06D4-42ED-ACAA-BA9F28DB91C1}.Ad-Hoc|iPhoneSimulator.Build.0 = Release|Any CPU
		{514343A1-06D4-42ED-ACAA-BA9F28DB91C1}.AppStore|Any CPU.ActiveCfg = Release|Any CPU
		{514343A1-06D4-42ED-ACAA-BA9F28DB91C1}.AppStore|Any CPU.Build.0 = Release|Any CPU
		{514343A1-06D4-42ED-ACAA-BA9F28DB91C1}.AppStore|iPhone.ActiveCfg = Release|Any CPU
		{514343A1-06D4-42ED-ACAA-BA9F28DB91C1}.AppStore|iPhone.Build.0 = Release|Any CPU
		{514343A1-06D4-42ED-ACAA-BA9F28DB91C1}.AppStore|iPhoneSimulator.ActiveCfg = Release|Any CPU
		{514343A1-06D4-42ED-ACAA-BA9F28DB91C1}.AppStore|iPhoneSimulator.Build.0 = Release|Any CPU
		{514343A1-06D4-42ED-ACAA-BA9F28DB91C1}.Debug|Any CPU.ActiveCfg = Debug|Any CPU
		{514343A1-06D4-42ED-ACAA-BA9F28DB91C1}.Debug|Any CPU.Build.0 = Debug|Any CPU
		{514343A1-06D4-42ED-ACAA-BA9F28DB91C1}.Debug|iPhone.ActiveCfg = Debug|Any CPU
		{514343A1-06D4-42ED-ACAA-BA9F28DB91C1}.Debug|iPhone.Build.0 = Debug|Any CPU
		{514343A1-06D4-42ED-ACAA-BA9F28DB91C1}.Debug|iPhoneSimulator.ActiveCfg = Debug|Any CPU
		{514343A1-06D4-42ED-ACAA-BA9F28DB91C1}.Debug|iPhoneSimulator.Build.0 = Debug|Any CPU
		{514343A1-06D4-42ED-ACAA-BA9F28DB91C1}.Release|Any CPU.ActiveCfg = Release|Any CPU
		{514343A1-06D4-42ED-ACAA-BA9F28DB91C1}.Release|Any CPU.Build.0 = Release|Any CPU
		{514343A1-06D4-42ED-ACAA-BA9F28DB91C1}.Release|iPhone.ActiveCfg = Release|Any CPU
		{514343A1-06D4-42ED-ACAA-BA9F28DB91C1}.Release|iPhone.Build.0 = Release|Any CPU
		{514343A1-06D4-42ED-ACAA-BA9F28DB91C1}.Release|iPhoneSimulator.ActiveCfg = Release|Any CPU
		{514343A1-06D4-42ED-ACAA-BA9F28DB91C1}.Release|iPhoneSimulator.Build.0 = Release|Any CPU
		{EE614B3D-F301-412A-91FB-A38D365E4E11}.Ad-Hoc|Any CPU.ActiveCfg = Release|Any CPU
		{EE614B3D-F301-412A-91FB-A38D365E4E11}.Ad-Hoc|Any CPU.Build.0 = Release|Any CPU
		{EE614B3D-F301-412A-91FB-A38D365E4E11}.Ad-Hoc|iPhone.ActiveCfg = Release|Any CPU
		{EE614B3D-F301-412A-91FB-A38D365E4E11}.Ad-Hoc|iPhone.Build.0 = Release|Any CPU
		{EE614B3D-F301-412A-91FB-A38D365E4E11}.Ad-Hoc|iPhoneSimulator.ActiveCfg = Release|Any CPU
		{EE614B3D-F301-412A-91FB-A38D365E4E11}.Ad-Hoc|iPhoneSimulator.Build.0 = Release|Any CPU
		{EE614B3D-F301-412A-91FB-A38D365E4E11}.AppStore|Any CPU.ActiveCfg = Release|Any CPU
		{EE614B3D-F301-412A-91FB-A38D365E4E11}.AppStore|Any CPU.Build.0 = Release|Any CPU
		{EE614B3D-F301-412A-91FB-A38D365E4E11}.AppStore|iPhone.ActiveCfg = Release|Any CPU
		{EE614B3D-F301-412A-91FB-A38D365E4E11}.AppStore|iPhone.Build.0 = Release|Any CPU
		{EE614B3D-F301-412A-91FB-A38D365E4E11}.AppStore|iPhoneSimulator.ActiveCfg = Release|Any CPU
		{EE614B3D-F301-412A-91FB-A38D365E4E11}.AppStore|iPhoneSimulator.Build.0 = Release|Any CPU
		{EE614B3D-F301-412A-91FB-A38D365E4E11}.Debug|Any CPU.ActiveCfg = Debug|Any CPU
		{EE614B3D-F301-412A-91FB-A38D365E4E11}.Debug|Any CPU.Build.0 = Debug|Any CPU
		{EE614B3D-F301-412A-91FB-A38D365E4E11}.Debug|iPhone.ActiveCfg = Debug|Any CPU
		{EE614B3D-F301-412A-91FB-A38D365E4E11}.Debug|iPhone.Build.0 = Debug|Any CPU
		{EE614B3D-F301-412A-91FB-A38D365E4E11}.Debug|iPhoneSimulator.ActiveCfg = Debug|Any CPU
		{EE614B3D-F301-412A-91FB-A38D365E4E11}.Debug|iPhoneSimulator.Build.0 = Debug|Any CPU
		{EE614B3D-F301-412A-91FB-A38D365E4E11}.Release|Any CPU.ActiveCfg = Release|Any CPU
		{EE614B3D-F301-412A-91FB-A38D365E4E11}.Release|Any CPU.Build.0 = Release|Any CPU
		{EE614B3D-F301-412A-91FB-A38D365E4E11}.Release|iPhone.ActiveCfg = Release|Any CPU
		{EE614B3D-F301-412A-91FB-A38D365E4E11}.Release|iPhone.Build.0 = Release|Any CPU
		{EE614B3D-F301-412A-91FB-A38D365E4E11}.Release|iPhoneSimulator.ActiveCfg = Release|Any CPU
		{EE614B3D-F301-412A-91FB-A38D365E4E11}.Release|iPhoneSimulator.Build.0 = Release|Any CPU
	EndGlobalSection
	GlobalSection(SolutionProperties) = preSolution
		HideSolutionNode = FALSE
	EndGlobalSection
	GlobalSection(ExtensibilityGlobals) = postSolution
		SolutionGuid = {A07425BB-63E8-4CCE-9EF8-33C94809BFF7}
	EndGlobalSection
EndGlobal
